// !$*UTF8*$!
{
	archiveVersion = 1;
	classes = {
	};
	objectVersion = 50;
	objects = {

/* Begin PBXBuildFile section */
		9CF8E3412242E446001D596A /* AppDelegate.swift in Sources */ = {isa = PBXBuildFile; fileRef = 9CF8E3402242E446001D596A /* AppDelegate.swift */; };
		9CF8E3432242E446001D596A /* ViewController.swift in Sources */ = {isa = PBXBuildFile; fileRef = 9CF8E3422242E446001D596A /* ViewController.swift */; };
		9CF8E3462242E446001D596A /* Main.storyboard in Resources */ = {isa = PBXBuildFile; fileRef = 9CF8E3442242E446001D596A /* Main.storyboard */; };
		9CF8E3482242E447001D596A /* Assets.xcassets in Resources */ = {isa = PBXBuildFile; fileRef = 9CF8E3472242E447001D596A /* Assets.xcassets */; };
		9CF8E34B2242E447001D596A /* LaunchScreen.storyboard in Resources */ = {isa = PBXBuildFile; fileRef = 9CF8E3492242E447001D596A /* LaunchScreen.storyboard */; };
		9CF8E3562242E448001D596A /* flixTests.swift in Sources */ = {isa = PBXBuildFile; fileRef = 9CF8E3552242E448001D596A /* flixTests.swift */; };
		9CF8E3612242E448001D596A /* flixUITests.swift in Sources */ = {isa = PBXBuildFile; fileRef = 9CF8E3602242E448001D596A /* flixUITests.swift */; };
/* End PBXBuildFile section */

/* Begin PBXContainerItemProxy section */
		9CF8E3522242E448001D596A /* PBXContainerItemProxy */ = {
			isa = PBXContainerItemProxy;
			containerPortal = 9CF8E3352242E446001D596A /* Project object */;
			proxyType = 1;
			remoteGlobalIDString = 9CF8E33C2242E446001D596A;
			remoteInfo = flix;
		};
		9CF8E35D2242E448001D596A /* PBXContainerItemProxy */ = {
			isa = PBXContainerItemProxy;
			containerPortal = 9CF8E3352242E446001D596A /* Project object */;
			proxyType = 1;
			remoteGlobalIDString = 9CF8E33C2242E446001D596A;
			remoteInfo = flix;
		};
/* End PBXContainerItemProxy section */

/* Begin PBXFileReference section */
		9CF8E33D2242E446001D596A /* flix.app */ = {isa = PBXFileReference; explicitFileType = wrapper.application; includeInIndex = 0; path = flix.app; sourceTree = BUILT_PRODUCTS_DIR; };
		9CF8E3402242E446001D596A /* AppDelegate.swift */ = {isa = PBXFileReference; lastKnownFileType = sourcecode.swift; path = AppDelegate.swift; sourceTree = "<group>"; };
		9CF8E3422242E446001D596A /* ViewController.swift */ = {isa = PBXFileReference; lastKnownFileType = sourcecode.swift; path = ViewController.swift; sourceTree = "<group>"; };
		9CF8E3452242E446001D596A /* Base */ = {isa = PBXFileReference; lastKnownFileType = file.storyboard; name = Base; path = Base.lproj/Main.storyboard; sourceTree = "<group>"; };
		9CF8E3472242E447001D596A /* Assets.xcassets */ = {isa = PBXFileReference; lastKnownFileType = folder.assetcatalog; path = Assets.xcassets; sourceTree = "<group>"; };
		9CF8E34A2242E447001D596A /* Base */ = {isa = PBXFileReference; lastKnownFileType = file.storyboard; name = Base; path = Base.lproj/LaunchScreen.storyboard; sourceTree = "<group>"; };
		9CF8E34C2242E447001D596A /* Info.plist */ = {isa = PBXFileReference; lastKnownFileType = text.plist.xml; path = Info.plist; sourceTree = "<group>"; };
		9CF8E3512242E448001D596A /* flixTests.xctest */ = {isa = PBXFileReference; explicitFileType = wrapper.cfbundle; includeInIndex = 0; path = flixTests.xctest; sourceTree = BUILT_PRODUCTS_DIR; };
		9CF8E3552242E448001D596A /* flixTests.swift */ = {isa = PBXFileReference; lastKnownFileType = sourcecode.swift; path = flixTests.swift; sourceTree = "<group>"; };
		9CF8E3572242E448001D596A /* Info.plist */ = {isa = PBXFileReference; lastKnownFileType = text.plist.xml; path = Info.plist; sourceTree = "<group>"; };
		9CF8E35C2242E448001D596A /* flixUITests.xctest */ = {isa = PBXFileReference; explicitFileType = wrapper.cfbundle; includeInIndex = 0; path = flixUITests.xctest; sourceTree = BUILT_PRODUCTS_DIR; };
		9CF8E3602242E448001D596A /* flixUITests.swift */ = {isa = PBXFileReference; lastKnownFileType = sourcecode.swift; path = flixUITests.swift; sourceTree = "<group>"; };
		9CF8E3622242E448001D596A /* Info.plist */ = {isa = PBXFileReference; lastKnownFileType = text.plist.xml; path = Info.plist; sourceTree = "<group>"; };
/* End PBXFileReference section */

/* Begin PBXFrameworksBuildPhase section */
		9CF8E33A2242E446001D596A /* Frameworks */ = {
			isa = PBXFrameworksBuildPhase;
			buildActionMask = 2147483647;
			files = (
			);
			runOnlyForDeploymentPostprocessing = 0;
		};
		9CF8E34E2242E448001D596A /* Frameworks */ = {
			isa = PBXFrameworksBuildPhase;
			buildActionMask = 2147483647;
			files = (
			);
			runOnlyForDeploymentPostprocessing = 0;
		};
		9CF8E3592242E448001D596A /* Frameworks */ = {
			isa = PBXFrameworksBuildPhase;
			buildActionMask = 2147483647;
			files = (
			);
			runOnlyForDeploymentPostprocessing = 0;
		};
/* End PBXFrameworksBuildPhase section */

/* Begin PBXGroup section */
		9CF8E3342242E446001D596A = {
			isa = PBXGroup;
			children = (
				9CF8E33F2242E446001D596A /* flix */,
				9CF8E3542242E448001D596A /* flixTests */,
				9CF8E35F2242E448001D596A /* flixUITests */,
				9CF8E33E2242E446001D596A /* Products */,
			);
			sourceTree = "<group>";
		};
		9CF8E33E2242E446001D596A /* Products */ = {
			isa = PBXGroup;
			children = (
				9CF8E33D2242E446001D596A /* flix.app */,
				9CF8E3512242E448001D596A /* flixTests.xctest */,
				9CF8E35C2242E448001D596A /* flixUITests.xctest */,
			);
			name = Products;
			sourceTree = "<group>";
		};
		9CF8E33F2242E446001D596A /* flix */ = {
			isa = PBXGroup;
			children = (
				9CF8E3402242E446001D596A /* AppDelegate.swift */,
				9CF8E3422242E446001D596A /* ViewController.swift */,
				9CF8E3442242E446001D596A /* Main.storyboard */,
				9CF8E3472242E447001D596A /* Assets.xcassets */,
				9CF8E3492242E447001D596A /* LaunchScreen.storyboard */,
				9CF8E34C2242E447001D596A /* Info.plist */,
			);
			path = flix;
			sourceTree = "<group>";
		};
		9CF8E3542242E448001D596A /* flixTests */ = {
			isa = PBXGroup;
			children = (
				9CF8E3552242E448001D596A /* flixTests.swift */,
				9CF8E3572242E448001D596A /* Info.plist */,
			);
			path = flixTests;
			sourceTree = "<group>";
		};
		9CF8E35F2242E448001D596A /* flixUITests */ = {
			isa = PBXGroup;
			children = (
				9CF8E3602242E448001D596A /* flixUITests.swift */,
				9CF8E3622242E448001D596A /* Info.plist */,
			);
			path = flixUITests;
			sourceTree = "<group>";
		};
/* End PBXGroup section */

/* Begin PBXNativeTarget section */
		9CF8E33C2242E446001D596A /* flix */ = {
			isa = PBXNativeTarget;
			buildConfigurationList = 9CF8E3652242E448001D596A /* Build configuration list for PBXNativeTarget "flix" */;
			buildPhases = (
				9CF8E3392242E446001D596A /* Sources */,
				9CF8E33A2242E446001D596A /* Frameworks */,
				9CF8E33B2242E446001D596A /* Resources */,
			);
			buildRules = (
			);
			dependencies = (
			);
			name = flix;
			productName = flix;
			productReference = 9CF8E33D2242E446001D596A /* flix.app */;
			productType = "com.apple.product-type.application";
		};
		9CF8E3502242E448001D596A /* flixTests */ = {
			isa = PBXNativeTarget;
			buildConfigurationList = 9CF8E3682242E448001D596A /* Build configuration list for PBXNativeTarget "flixTests" */;
			buildPhases = (
				9CF8E34D2242E448001D596A /* Sources */,
				9CF8E34E2242E448001D596A /* Frameworks */,
				9CF8E34F2242E448001D596A /* Resources */,
			);
			buildRules = (
			);
			dependencies = (
				9CF8E3532242E448001D596A /* PBXTargetDependency */,
			);
			name = flixTests;
			productName = flixTests;
			productReference = 9CF8E3512242E448001D596A /* flixTests.xctest */;
			productType = "com.apple.product-type.bundle.unit-test";
		};
		9CF8E35B2242E448001D596A /* flixUITests */ = {
			isa = PBXNativeTarget;
			buildConfigurationList = 9CF8E36B2242E448001D596A /* Build configuration list for PBXNativeTarget "flixUITests" */;
			buildPhases = (
				9CF8E3582242E448001D596A /* Sources */,
				9CF8E3592242E448001D596A /* Frameworks */,
				9CF8E35A2242E448001D596A /* Resources */,
			);
			buildRules = (
			);
			dependencies = (
				9CF8E35E2242E448001D596A /* PBXTargetDependency */,
			);
			name = flixUITests;
			productName = flixUITests;
			productReference = 9CF8E35C2242E448001D596A /* flixUITests.xctest */;
			productType = "com.apple.product-type.bundle.ui-testing";
		};
/* End PBXNativeTarget section */

/* Begin PBXProject section */
		9CF8E3352242E446001D596A /* Project object */ = {
			isa = PBXProject;
			attributes = {
				LastSwiftUpdateCheck = 1010;
				LastUpgradeCheck = 1010;
				ORGANIZATIONNAME = "Darren Tang";
				TargetAttributes = {
					9CF8E33C2242E446001D596A = {
						CreatedOnToolsVersion = 10.1;
					};
					9CF8E3502242E448001D596A = {
						CreatedOnToolsVersion = 10.1;
						TestTargetID = 9CF8E33C2242E446001D596A;
					};
					9CF8E35B2242E448001D596A = {
						CreatedOnToolsVersion = 10.1;
						TestTargetID = 9CF8E33C2242E446001D596A;
					};
				};
			};
			buildConfigurationList = 9CF8E3382242E446001D596A /* Build configuration list for PBXProject "flix" */;
			compatibilityVersion = "Xcode 9.3";
			developmentRegion = en;
			hasScannedForEncodings = 0;
			knownRegions = (
				en,
				Base,
			);
			mainGroup = 9CF8E3342242E446001D596A;
			productRefGroup = 9CF8E33E2242E446001D596A /* Products */;
			projectDirPath = "";
			projectRoot = "";
			targets = (
				9CF8E33C2242E446001D596A /* flix */,
				9CF8E3502242E448001D596A /* flixTests */,
				9CF8E35B2242E448001D596A /* flixUITests */,
			);
		};
/* End PBXProject section */

/* Begin PBXResourcesBuildPhase section */
		9CF8E33B2242E446001D596A /* Resources */ = {
			isa = PBXResourcesBuildPhase;
			buildActionMask = 2147483647;
			files = (
				9CF8E34B2242E447001D596A /* LaunchScreen.storyboard in Resources */,
				9CF8E3482242E447001D596A /* Assets.xcassets in Resources */,
				9CF8E3462242E446001D596A /* Main.storyboard in Resources */,
			);
			runOnlyForDeploymentPostprocessing = 0;
		};
		9CF8E34F2242E448001D596A /* Resources */ = {
			isa = PBXResourcesBuildPhase;
			buildActionMask = 2147483647;
			files = (
			);
			runOnlyForDeploymentPostprocessing = 0;
		};
		9CF8E35A2242E448001D596A /* Resources */ = {
			isa = PBXResourcesBuildPhase;
			buildActionMask = 2147483647;
			files = (
			);
			runOnlyForDeploymentPostprocessing = 0;
		};
/* End PBXResourcesBuildPhase section */

/* Begin PBXSourcesBuildPhase section */
		9CF8E3392242E446001D596A /* Sources */ = {
			isa = PBXSourcesBuildPhase;
			buildActionMask = 2147483647;
			files = (
				9CF8E3432242E446001D596A /* ViewController.swift in Sources */,
				9CF8E3412242E446001D596A /* AppDelegate.swift in Sources */,
			);
			runOnlyForDeploymentPostprocessing = 0;
		};
		9CF8E34D2242E448001D596A /* Sources */ = {
			isa = PBXSourcesBuildPhase;
			buildActionMask = 2147483647;
			files = (
				9CF8E3562242E448001D596A /* flixTests.swift in Sources */,
			);
			runOnlyForDeploymentPostprocessing = 0;
		};
		9CF8E3582242E448001D596A /* Sources */ = {
			isa = PBXSourcesBuildPhase;
			buildActionMask = 2147483647;
			files = (
				9CF8E3612242E448001D596A /* flixUITests.swift in Sources */,
			);
			runOnlyForDeploymentPostprocessing = 0;
		};
/* End PBXSourcesBuildPhase section */

/* Begin PBXTargetDependency section */
		9CF8E3532242E448001D596A /* PBXTargetDependency */ = {
			isa = PBXTargetDependency;
			target = 9CF8E33C2242E446001D596A /* flix */;
			targetProxy = 9CF8E3522242E448001D596A /* PBXContainerItemProxy */;
		};
		9CF8E35E2242E448001D596A /* PBXTargetDependency */ = {
			isa = PBXTargetDependency;
			target = 9CF8E33C2242E446001D596A /* flix */;
			targetProxy = 9CF8E35D2242E448001D596A /* PBXContainerItemProxy */;
		};
/* End PBXTargetDependency section */

/* Begin PBXVariantGroup section */
		9CF8E3442242E446001D596A /* Main.storyboard */ = {
			isa = PBXVariantGroup;
			children = (
				9CF8E3452242E446001D596A /* Base */,
			);
			name = Main.storyboard;
			sourceTree = "<group>";
		};
		9CF8E3492242E447001D596A /* LaunchScreen.storyboard */ = {
			isa = PBXVariantGroup;
			children = (
				9CF8E34A2242E447001D596A /* Base */,
			);
			name = LaunchScreen.storyboard;
			sourceTree = "<group>";
		};
/* End PBXVariantGroup section */

/* Begin XCBuildConfiguration section */
		9CF8E3632242E448001D596A /* Debug */ = {
			isa = XCBuildConfiguration;
			buildSettings = {
				ALWAYS_SEARCH_USER_PATHS = NO;
				CLANG_ANALYZER_NONNULL = YES;
				CLANG_ANALYZER_NUMBER_OBJECT_CONVERSION = YES_AGGRESSIVE;
				CLANG_CXX_LANGUAGE_STANDARD = "gnu++14";
				CLANG_CXX_LIBRARY = "libc++";
				CLANG_ENABLE_MODULES = YES;
				CLANG_ENABLE_OBJC_ARC = YES;
				CLANG_ENABLE_OBJC_WEAK = YES;
				CLANG_WARN_BLOCK_CAPTURE_AUTORELEASING = YES;
				CLANG_WARN_BOOL_CONVERSION = YES;
				CLANG_WARN_COMMA = YES;
				CLANG_WARN_CONSTANT_CONVERSION = YES;
				CLANG_WARN_DEPRECATED_OBJC_IMPLEMENTATIONS = YES;
				CLANG_WARN_DIRECT_OBJC_ISA_USAGE = YES_ERROR;
				CLANG_WARN_DOCUMENTATION_COMMENTS = YES;
				CLANG_WARN_EMPTY_BODY = YES;
				CLANG_WARN_ENUM_CONVERSION = YES;
				CLANG_WARN_INFINITE_RECURSION = YES;
				CLANG_WARN_INT_CONVERSION = YES;
				CLANG_WARN_NON_LITERAL_NULL_CONVERSION = YES;
				CLANG_WARN_OBJC_IMPLICIT_RETAIN_SELF = YES;
				CLANG_WARN_OBJC_LITERAL_CONVERSION = YES;
				CLANG_WARN_OBJC_ROOT_CLASS = YES_ERROR;
				CLANG_WARN_RANGE_LOOP_ANALYSIS = YES;
				CLANG_WARN_STRICT_PROTOTYPES = YES;
				CLANG_WARN_SUSPICIOUS_MOVE = YES;
				CLANG_WARN_UNGUARDED_AVAILABILITY = YES_AGGRESSIVE;
				CLANG_WARN_UNREACHABLE_CODE = YES;
				CLANG_WARN__DUPLICATE_METHOD_MATCH = YES;
				CODE_SIGN_IDENTITY = "iPhone Developer";
				COPY_PHASE_STRIP = NO;
				DEBUG_INFORMATION_FORMAT = dwarf;
				ENABLE_STRICT_OBJC_MSGSEND = YES;
				ENABLE_TESTABILITY = YES;
				GCC_C_LANGUAGE_STANDARD = gnu11;
				GCC_DYNAMIC_NO_PIC = NO;
				GCC_NO_COMMON_BLOCKS = YES;
				GCC_OPTIMIZATION_LEVEL = 0;
				GCC_PREPROCESSOR_DEFINITIONS = (
					"DEBUG=1",
					"$(inherited)",
				);
				GCC_WARN_64_TO_32_BIT_CONVERSION = YES;
				GCC_WARN_ABOUT_RETURN_TYPE = YES_ERROR;
				GCC_WARN_UNDECLARED_SELECTOR = YES;
				GCC_WARN_UNINITIALIZED_AUTOS = YES_AGGRESSIVE;
				GCC_WARN_UNUSED_FUNCTION = YES;
				GCC_WARN_UNUSED_VARIABLE = YES;
				IPHONEOS_DEPLOYMENT_TARGET = 12.1;
				MTL_ENABLE_DEBUG_INFO = INCLUDE_SOURCE;
				MTL_FAST_MATH = YES;
				ONLY_ACTIVE_ARCH = YES;
				SDKROOT = iphoneos;
				SWIFT_ACTIVE_COMPILATION_CONDITIONS = DEBUG;
				SWIFT_OPTIMIZATION_LEVEL = "-Onone";
			};
			name = Debug;
		};
		9CF8E3642242E448001D596A /* Release */ = {
			isa = XCBuildConfiguration;
			buildSettings = {
				ALWAYS_SEARCH_USER_PATHS = NO;
				CLANG_ANALYZER_NONNULL = YES;
				CLANG_ANALYZER_NUMBER_OBJECT_CONVERSION = YES_AGGRESSIVE;
				CLANG_CXX_LANGUAGE_STANDARD = "gnu++14";
				CLANG_CXX_LIBRARY = "libc++";
				CLANG_ENABLE_MODULES = YES;
				CLANG_ENABLE_OBJC_ARC = YES;
				CLANG_ENABLE_OBJC_WEAK = YES;
				CLANG_WARN_BLOCK_CAPTURE_AUTORELEASING = YES;
				CLANG_WARN_BOOL_CONVERSION = YES;
				CLANG_WARN_COMMA = YES;
				CLANG_WARN_CONSTANT_CONVERSION = YES;
				CLANG_WARN_DEPRECATED_OBJC_IMPLEMENTATIONS = YES;
				CLANG_WARN_DIRECT_OBJC_ISA_USAGE = YES_ERROR;
				CLANG_WARN_DOCUMENTATION_COMMENTS = YES;
				CLANG_WARN_EMPTY_BODY = YES;
				CLANG_WARN_ENUM_CONVERSION = YES;
				CLANG_WARN_INFINITE_RECURSION = YES;
				CLANG_WARN_INT_CONVERSION = YES;
				CLANG_WARN_NON_LITERAL_NULL_CONVERSION = YES;
				CLANG_WARN_OBJC_IMPLICIT_RETAIN_SELF = YES;
				CLANG_WARN_OBJC_LITERAL_CONVERSION = YES;
				CLANG_WARN_OBJC_ROOT_CLASS = YES_ERROR;
				CLANG_WARN_RANGE_LOOP_ANALYSIS = YES;
				CLANG_WARN_STRICT_PROTOTYPES = YES;
				CLANG_WARN_SUSPICIOUS_MOVE = YES;
				CLANG_WARN_UNGUARDED_AVAILABILITY = YES_AGGRESSIVE;
				CLANG_WARN_UNREACHABLE_CODE = YES;
				CLANG_WARN__DUPLICATE_METHOD_MATCH = YES;
				CODE_SIGN_IDENTITY = "iPhone Developer";
				COPY_PHASE_STRIP = NO;
				DEBUG_INFORMATION_FORMAT = "dwarf-with-dsym";
				ENABLE_NS_ASSERTIONS = NO;
				ENABLE_STRICT_OBJC_MSGSEND = YES;
				GCC_C_LANGUAGE_STANDARD = gnu11;
				GCC_NO_COMMON_BLOCKS = YES;
				GCC_WARN_64_TO_32_BIT_CONVERSION = YES;
				GCC_WARN_ABOUT_RETURN_TYPE = YES_ERROR;
				GCC_WARN_UNDECLARED_SELECTOR = YES;
				GCC_WARN_UNINITIALIZED_AUTOS = YES_AGGRESSIVE;
				GCC_WARN_UNUSED_FUNCTION = YES;
				GCC_WARN_UNUSED_VARIABLE = YES;
				IPHONEOS_DEPLOYMENT_TARGET = 12.1;
				MTL_ENABLE_DEBUG_INFO = NO;
				MTL_FAST_MATH = YES;
				SDKROOT = iphoneos;
				SWIFT_COMPILATION_MODE = wholemodule;
				SWIFT_OPTIMIZATION_LEVEL = "-O";
				VALIDATE_PRODUCT = YES;
			};
			name = Release;
		};
		9CF8E3662242E448001D596A /* Debug */ = {
			isa = XCBuildConfiguration;
			buildSettings = {
				ASSETCATALOG_COMPILER_APPICON_NAME = AppIcon;
				CODE_SIGN_STYLE = Automatic;
				INFOPLIST_FILE = flix/Info.plist;
				LD_RUNPATH_SEARCH_PATHS = (
					"$(inherited)",
					"@executable_path/Frameworks",
				);
				PRODUCT_BUNDLE_IDENTIFIER = com.codepath.flix;
				PRODUCT_NAME = "$(TARGET_NAME)";
				SWIFT_VERSION = 4.2;
				TARGETED_DEVICE_FAMILY = "1,2";
			};
			name = Debug;
		};
		9CF8E3672242E448001D596A /* Release */ = {
			isa = XCBuildConfiguration;
			buildSettings = {
				ASSETCATALOG_COMPILER_APPICON_NAME = AppIcon;
				CODE_SIGN_STYLE = Automatic;
				INFOPLIST_FILE = flix/Info.plist;
				LD_RUNPATH_SEARCH_PATHS = (
					"$(inherited)",
					"@executable_path/Frameworks",
				);
				PRODUCT_BUNDLE_IDENTIFIER = com.codepath.flix;
				PRODUCT_NAME = "$(TARGET_NAME)";
				SWIFT_VERSION = 4.2;
				TARGETED_DEVICE_FAMILY = "1,2";
			};
			name = Release;
		};
		9CF8E3692242E448001D596A /* Debug */ = {
			isa = XCBuildConfiguration;
			buildSettings = {
				ALWAYS_EMBED_SWIFT_STANDARD_LIBRARIES = YES;
				BUNDLE_LOADER = "$(TEST_HOST)";
				CODE_SIGN_STYLE = Automatic;
				INFOPLIST_FILE = flixTests/Info.plist;
				LD_RUNPATH_SEARCH_PATHS = (
					"$(inherited)",
					"@executable_path/Frameworks",
					"@loader_path/Frameworks",
				);
				PRODUCT_BUNDLE_IDENTIFIER = com.codepath.flixTests;
				PRODUCT_NAME = "$(TARGET_NAME)";
				SWIFT_VERSION = 4.2;
				TARGETED_DEVICE_FAMILY = "1,2";
				TEST_HOST = "$(BUILT_PRODUCTS_DIR)/flix.app/flix";
			};
			name = Debug;
		};
		9CF8E36A2242E448001D596A /* Release */ = {
			isa = XCBuildConfiguration;
			buildSettings = {
				ALWAYS_EMBED_SWIFT_STANDARD_LIBRARIES = YES;
				BUNDLE_LOADER = "$(TEST_HOST)";
				CODE_SIGN_STYLE = Automatic;
				INFOPLIST_FILE = flixTests/Info.plist;
				LD_RUNPATH_SEARCH_PATHS = (
					"$(inherited)",
					"@executable_path/Frameworks",
					"@loader_path/Frameworks",
				);
				PRODUCT_BUNDLE_IDENTIFIER = com.codepath.flixTests;
				PRODUCT_NAME = "$(TARGET_NAME)";
				SWIFT_VERSION = 4.2;
				TARGETED_DEVICE_FAMILY = "1,2";
				TEST_HOST = "$(BUILT_PRODUCTS_DIR)/flix.app/flix";
			};
			name = Release;
		};
		9CF8E36C2242E448001D596A /* Debug */ = {
			isa = XCBuildConfiguration;
			buildSettings = {
				ALWAYS_EMBED_SWIFT_STANDARD_LIBRARIES = YES;
				CODE_SIGN_STYLE = Automatic;
				INFOPLIST_FILE = flixUITests/Info.plist;
				LD_RUNPATH_SEARCH_PATHS = (
					"$(inherited)",
					"@executable_path/Frameworks",
					"@loader_path/Frameworks",
				);
				PRODUCT_BUNDLE_IDENTIFIER = com.codepath.flixUITests;
				PRODUCT_NAME = "$(TARGET_NAME)";
				SWIFT_VERSION = 4.2;
				TARGETED_DEVICE_FAMILY = "1,2";
				TEST_TARGET_NAME = flix;
			};
			name = Debug;
		};
		9CF8E36D2242E448001D596A /* Release */ = {
			isa = XCBuildConfiguration;
			buildSettings = {
				ALWAYS_EMBED_SWIFT_STANDARD_LIBRARIES = YES;
				CODE_SIGN_STYLE = Automatic;
				INFOPLIST_FILE = flixUITests/Info.plist;
				LD_RUNPATH_SEARCH_PATHS = (
					"$(inherited)",
					"@executable_path/Frameworks",
					"@loader_path/Frameworks",
				);
				PRODUCT_BUNDLE_IDENTIFIER = com.codepath.flixUITests;
				PRODUCT_NAME = "$(TARGET_NAME)";
				SWIFT_VERSION = 4.2;
				TARGETED_DEVICE_FAMILY = "1,2";
				TEST_TARGET_NAME = flix;
			};
			name = Release;
		};
/* End XCBuildConfiguration section */

/* Begin XCConfigurationList section */
		9CF8E3382242E446001D596A /* Build configuration list for PBXProject "flix" */ = {
			isa = XCConfigurationList;
			buildConfigurations = (
				9CF8E3632242E448001D596A /* Debug */,
				9CF8E3642242E448001D596A /* Release */,
			);
			defaultConfigurationIsVisible = 0;
			defaultConfigurationName = Release;
		};
		9CF8E3652242E448001D596A /* Build configuration list for PBXNativeTarget "flix" */ = {
			isa = XCConfigurationList;
			buildConfigurations = (
				9CF8E3662242E448001D596A /* Debug */,
				9CF8E3672242E448001D596A /* Release */,
			);
			defaultConfigurationIsVisible = 0;
			defaultConfigurationName = Release;
		};
		9CF8E3682242E448001D596A /* Build configuration list for PBXNativeTarget "flixTests" */ = {
			isa = XCConfigurationList;
			buildConfigurations = (
				9CF8E3692242E448001D596A /* Debug */,
				9CF8E36A2242E448001D596A /* Release */,
			);
			defaultConfigurationIsVisible = 0;
			defaultConfigurationName = Release;
		};
		9CF8E36B2242E448001D596A /* Build configuration list for PBXNativeTarget "flixUITests" */ = {
			isa = XCConfigurationList;
			buildConfigurations = (
				9CF8E36C2242E448001D596A /* Debug */,
				9CF8E36D2242E448001D596A /* Release */,
			);
			defaultConfigurationIsVisible = 0;
			defaultConfigurationName = Release;
		};
/* End XCConfigurationList section */
	};
	rootObject = 9CF8E3352242E446001D596A /* Project object */;
}
